
Microsoft Visual Studio Solution File, Format Version 12.00
# Visual Studio Version 16
VisualStudioVersion = 25.0.1704.0
MinimumVisualStudioVersion = 10.0.40219.1
Project("{FAE04EC0-301F-11D3-BF4B-00C04F79EFBC}") = "Avability2", "Avability2\Avability2.csproj", "{A23208DE-F693-4EA6-BDC1-2CEFCF4A4790}"
EndProject
Project("{FAE04EC0-301F-11D3-BF4B-00C04F79EFBC}") = "AvabilityTest", "AvabilityTest\AvabilityTest.csproj", "{F5F87A3B-FF36-4928-96AC-36BF423EB69B}"
EndProject
Global
	GlobalSection(SolutionConfigurationPlatforms) = preSolution
		Debug|Any CPU = Debug|Any CPU
		Release|Any CPU = Release|Any CPU
	EndGlobalSection
	GlobalSection(ProjectConfigurationPlatforms) = postSolution
		{A23208DE-F693-4EA6-BDC1-2CEFCF4A4790}.Debug|Any CPU.ActiveCfg = Debug|Any CPU
		{A23208DE-F693-4EA6-BDC1-2CEFCF4A4790}.Debug|Any CPU.Build.0 = Debug|Any CPU
		{A23208DE-F693-4EA6-BDC1-2CEFCF4A4790}.Release|Any CPU.ActiveCfg = Release|Any CPU
		{A23208DE-F693-4EA6-BDC1-2CEFCF4A4790}.Release|Any CPU.Build.0 = Release|Any CPU
		{F5F87A3B-FF36-4928-96AC-36BF423EB69B}.Debug|Any CPU.ActiveCfg = Debug|Any CPU
		{F5F87A3B-FF36-4928-96AC-36BF423EB69B}.Debug|Any CPU.Build.0 = Debug|Any CPU
		{F5F87A3B-FF36-4928-96AC-36BF423EB69B}.Release|Any CPU.ActiveCfg = Release|Any CPU
		{F5F87A3B-FF36-4928-96AC-36BF423EB69B}.Release|Any CPU.Build.0 = Release|Any CPU
	EndGlobalSection
	GlobalSection(SolutionProperties) = preSolution
		HideSolutionNode = FALSE
	EndGlobalSection
	GlobalSection(ExtensibilityGlobals) = postSolution
		SolutionGuid = {D7471858-21AC-4389-B272-6806018E337F}
	EndGlobalSection
EndGlobal
